{
    "version": 4,
    "terraform_version": "1.0.1",
    "serial": 122,
    "lineage": "cd3ae7bc-101b-37e1-b392-3d099157a98a",
    "outputs": {},
    "resources": [
      {
        "module": "module.eks",
        "mode": "managed",
        "type": "aws_eks_cluster",
        "name": "qa_cluster",
        "provider": "provider[\"registry.terraform.io/hashicorp/aws\"]",
        "instances": [
          {
            "schema_version": 0,
            "attributes": {
              "arn": "arn:aws:eks:eu-west-2:065121563517:cluster/qa_cluster",
              "certificate_authority": [
                {
                  "data": "LS0tLS1CRUdJTiBDRVJUSUZJQ0FURS0tLS0tCk1JSUM1ekNDQWMrZ0F3SUJBZ0lCQURBTkJna3Foa2lHOXcwQkFRc0ZBREFWTVJNd0VRWURWUVFERXdwcmRXSmwKY201bGRHVnpNQjRYRFRJeE1EY3dOekV6TkRNd04xb1hEVE14TURjd05URXpORE13TjFvd0ZURVRNQkVHQTFVRQpBeE1LYTNWaVpYSnVaWFJsY3pDQ0FTSXdEUVlKS29aSWh2Y05BUUVCQlFBRGdnRVBBRENDQVFvQ2dnRUJBT1F1ClQ2dml5Z1QyT0lUR1BOY0s2Y1M3Z3Qrc2lIejJOL0ZLd3pTVmZhc1V4WVU4S3BiWXdWaHlyRVArVmh1OUxuY2EKOXFlcnFyZy93ekVaelRDK0kyU3QrRXpzaEZlRkttVzViQStkZndkb29zdlZzaU1FclJtSmkxRU9oWE5wMFpYQgo5UEtpbU0rdWM2N3RUd2ZnNXJlSXlXVGFGM09ObEkvRVpxTFlqakJoRjI4dFJBNkJRYXdKSlQ2ZDVkM28vYi9qClRuVDJjblM3b1FLTVd3YjdIbm9oU3IrdU9wa0VobTV5VitIK0VCcVp5MjhPM3JreGM4blJTZkZ5UnhBS2hiMEcKL2g4SnZCQStpVG1rZ1Y2WnFFQkgweE5qM0R5NldHb2d2RjJ5UHgyMGg2OW9MU24wMWxFSzRVcXdwRUJCUnpiTQp0MUdxbWQxcUw2ektmS1E3MXAwQ0F3RUFBYU5DTUVBd0RnWURWUjBQQVFIL0JBUURBZ0trTUE4R0ExVWRFd0VCCi93UUZNQU1CQWY4d0hRWURWUjBPQkJZRUZGM2pwMmt1NWVrTy9DMnBaNTNUNjhjUHZCWE9NQTBHQ1NxR1NJYjMKRFFFQkN3VUFBNElCQVFBOTlFTlhEcE5FVUc2OUVnenNEOFQzcVFac2x6ZlNsV0p2NkNXaE1RcjFEMXBZQzN6YQpmU2FUZEpQRTB3REE3NnNVY21LR1VaNmFJanluQzAza2pBbDErMzVhZXc1RTVoNjRzUGx1RlgrYXJaYXJYWWp5CjBlZVRWcllpd2pxa3EyaU45cTY1RFRLTUJvZXVGbHVZUURhTU9Wa05jUUltdHNrcDR6REU1b1NVbG5YRU1uRUUKcmQ2ek1kazk4MVp5Z1lKZzMzaFl3M1JLZEpjMThkNVZOTmVjZ2xNb3lQS1JRRlRKaWUyS0JXMVFpYXBMb3hnbQpyNFFXTVdnOGQvT3FydFp4eWxUMkFvUHFSaXI2bkxHS0puK0J4TzBSL3hWU0NETVFVYVZyUWl1Z0JZaVhXNzFJClNXTmo5N1dldVVNMFRpaTNjM09McEtMNUlJd2NlVEVQVzhJZQotLS0tLUVORCBDRVJUSUZJQ0FURS0tLS0tCg=="
                }
              ],
              "created_at": "2021-07-07 13:38:07.051 +0000 UTC",
              "enabled_cluster_log_types": [],
              "encryption_config": [],
              "endpoint": "https://15EEE4F30FF2B592AEC0881E87EC06FA.gr7.eu-west-2.eks.amazonaws.com",
              "id": "qa_cluster",
              "identity": [
                {
                  "oidc": [
                    {
                      "issuer": "https://oidc.eks.eu-west-2.amazonaws.com/id/15EEE4F30FF2B592AEC0881E87EC06FA"
                    }
                  ]
                }
              ],
              "kubernetes_network_config": [
                {
                  "service_ipv4_cidr": "10.100.0.0/16"
                }
              ],
              "name": "qa_cluster",
              "platform_version": "eks.5",
              "role_arn": "arn:aws:iam::065121563517:role/qa_cluster_iam_role",
              "status": "ACTIVE",
              "tags": {},
              "tags_all": {},
              "timeouts": null,
              "version": "1.19",
              "vpc_config": [
                {
                  "cluster_security_group_id": "sg-07d265efbfa611ab7",
                  "endpoint_private_access": false,
                  "endpoint_public_access": true,
                  "public_access_cidrs": [
                    "0.0.0.0/0"
                  ],
                  "security_group_ids": [],
                  "subnet_ids": [
                    "subnet-027bb39a1ea3ac4f3",
                    "subnet-0d7adc7d29c312529"
                  ],
                  "vpc_id": "vpc-0f0f9ecc7f9f31e14"
                }
              ]
            },
            "sensitive_attributes": [],
            "private": "eyJlMmJmYjczMC1lY2FhLTExZTYtOGY4OC0zNDM2M2JjN2M0YzAiOnsiY3JlYXRlIjoxODAwMDAwMDAwMDAwLCJkZWxldGUiOjkwMDAwMDAwMDAwMCwidXBkYXRlIjozNjAwMDAwMDAwMDAwfX0=",
            "dependencies": [
              "module.subnet.aws_subnet.public_subnets",
              "module.subnet.data.aws_availability_zones.available",
              "module.vpc.aws_vpc.vpc",
              "module.iam.aws_iam_role.qa_cluster_iam_role"
            ]
          }
        ]
      },
      {
        "module": "module.eks",
        "mode": "managed",
        "type": "aws_eks_node_group",
        "name": "qa_node_group",
        "provider": "provider[\"registry.terraform.io/hashicorp/aws\"]",
        "instances": [
          {
            "schema_version": 0,
            "attributes": {
              "ami_type": "AL2_x86_64",
              "arn": "arn:aws:eks:eu-west-2:065121563517:nodegroup/qa_cluster/qa_node_group/46bd409c-309a-d94e-5bc1-82ed95c830a0",
              "capacity_type": "ON_DEMAND",
              "cluster_name": "qa_cluster",
              "disk_size": 20,
              "force_update_version": null,
              "id": "qa_cluster:qa_node_group",
              "instance_types": [
                "t3.medium"
              ],
              "labels": {},
              "launch_template": [],
              "node_group_name": "qa_node_group",
              "node_group_name_prefix": "",
              "node_role_arn": "arn:aws:iam::065121563517:role/qa_node_iam_role",
              "release_version": "1.19.6-20210628",
              "remote_access": [],
              "resources": [
                {
                  "autoscaling_groups": [
                    {
                      "name": "eks-46bd409c-309a-d94e-5bc1-82ed95c830a0"
                    }
                  ],
                  "remote_access_security_group_id": ""
                }
              ],
              "scaling_config": [
                {
                  "desired_size": 1,
                  "max_size": 1,
                  "min_size": 1
                }
              ],
              "status": "ACTIVE",
              "subnet_ids": [
                "subnet-027bb39a1ea3ac4f3",
                "subnet-0d7adc7d29c312529"
              ],
              "tags": {},
              "tags_all": {},
              "taint": [],
              "timeouts": null,
              "version": "1.19"
            },
            "sensitive_attributes": [],
            "private": "eyJlMmJmYjczMC1lY2FhLTExZTYtOGY4OC0zNDM2M2JjN2M0YzAiOnsiY3JlYXRlIjozNjAwMDAwMDAwMDAwLCJkZWxldGUiOjM2MDAwMDAwMDAwMDAsInVwZGF0ZSI6MzYwMDAwMDAwMDAwMH19",
            "dependencies": [
              "module.vpc.aws_vpc.vpc",
              "module.eks.aws_eks_cluster.qa_cluster",
              "module.iam.aws_iam_role.qa_cluster_iam_role",
              "module.iam.aws_iam_role.qa_node_iam_role",
              "module.subnet.aws_subnet.public_subnets",
              "module.subnet.data.aws_availability_zones.available"
            ]
          }
        ]
      },
      {
        "module": "module.iam",
        "mode": "managed",
        "type": "aws_iam_role",
        "name": "qa_cluster_iam_role",
        "provider": "provider[\"registry.terraform.io/hashicorp/aws\"]",
        "instances": [
          {
            "schema_version": 0,
            "attributes": {
              "arn": "arn:aws:iam::065121563517:role/qa_cluster_iam_role",
              "assume_role_policy": "{\"Version\":\"2012-10-17\",\"Statement\":[{\"Effect\":\"Allow\",\"Principal\":{\"Service\":\"eks.amazonaws.com\"},\"Action\":\"sts:AssumeRole\"}]}",
              "create_date": "2021-07-07T11:46:19Z",
              "description": "",
              "force_detach_policies": false,
              "id": "qa_cluster_iam_role",
              "inline_policy": [
                {
                  "name": "",
                  "policy": ""
                }
              ],
              "managed_policy_arns": [
                "arn:aws:iam::aws:policy/AmazonEKSClusterPolicy",
                "arn:aws:iam::aws:policy/AmazonEKSServicePolicy"
              ],
              "max_session_duration": 3600,
              "name": "qa_cluster_iam_role",
              "name_prefix": null,
              "path": "/",
              "permissions_boundary": null,
              "tags": {},
              "tags_all": {},
              "unique_id": "AROAQ6KMMGN6XVMB5VENG"
            },
            "sensitive_attributes": [],
            "private": "bnVsbA=="
          }
        ]
      },
      {
        "module": "module.iam",
        "mode": "managed",
        "type": "aws_iam_role",
        "name": "qa_node_iam_role",
        "provider": "provider[\"registry.terraform.io/hashicorp/aws\"]",
        "instances": [
          {
            "schema_version": 0,
            "attributes": {
              "arn": "arn:aws:iam::065121563517:role/qa_node_iam_role",
              "assume_role_policy": "{\"Version\":\"2012-10-17\",\"Statement\":[{\"Effect\":\"Allow\",\"Principal\":{\"Service\":\"ec2.amazonaws.com\"},\"Action\":\"sts:AssumeRole\"}]}",
              "create_date": "2021-07-07T11:46:19Z",
              "description": "",
              "force_detach_policies": false,
              "id": "qa_node_iam_role",
              "inline_policy": [
                {
                  "name": "",
                  "policy": ""
                }
              ],
              "managed_policy_arns": [
                "arn:aws:iam::aws:policy/AmazonEC2ContainerRegistryReadOnly",
                "arn:aws:iam::aws:policy/AmazonEKSWorkerNodePolicy",
                "arn:aws:iam::aws:policy/AmazonEKS_CNI_Policy"
              ],
              "max_session_duration": 3600,
              "name": "qa_node_iam_role",
              "name_prefix": null,
              "path": "/",
              "permissions_boundary": null,
              "tags": {},
              "tags_all": {},
              "unique_id": "AROAQ6KMMGN6ZHICOHAQF"
            },
            "sensitive_attributes": [],
            "private": "bnVsbA=="
          }
        ]
      },
      {
        "module": "module.iam",
        "mode": "managed",
        "type": "aws_iam_role_policy_attachment",
        "name": "qa_cluster_iam_role-AmazonEKSClusterPolicy",
        "provider": "provider[\"registry.terraform.io/hashicorp/aws\"]",
        "instances": [
          {
            "schema_version": 0,
            "attributes": {
              "id": "qa_cluster_iam_role-20210707114621018400000001",
              "policy_arn": "arn:aws:iam::aws:policy/AmazonEKSClusterPolicy",
              "role": "qa_cluster_iam_role"
            },
            "sensitive_attributes": [],
            "private": "bnVsbA==",
            "dependencies": [
              "module.iam.aws_iam_role.qa_cluster_iam_role"
            ]
          }
        ]
      },
      {
        "module": "module.iam",
        "mode": "managed",
        "type": "aws_iam_role_policy_attachment",
        "name": "qa_cluster_iam_role-AmazonEKSServicePolicy",
        "provider": "provider[\"registry.terraform.io/hashicorp/aws\"]",
        "instances": [
          {
            "schema_version": 0,
            "attributes": {
              "id": "qa_cluster_iam_role-20210707114621044200000005",
              "policy_arn": "arn:aws:iam::aws:policy/AmazonEKSServicePolicy",
              "role": "qa_cluster_iam_role"
            },
            "sensitive_attributes": [],
            "private": "bnVsbA==",
            "dependencies": [
              "module.iam.aws_iam_role.qa_cluster_iam_role"
            ]
          }
        ]
      },
      {
        "module": "module.iam",
        "mode": "managed",
        "type": "aws_iam_role_policy_attachment",
        "name": "qa_node_iam_role-AmazonEC2ContainerRegistryReadOnly",
        "provider": "provider[\"registry.terraform.io/hashicorp/aws\"]",
        "instances": [
          {
            "schema_version": 0,
            "attributes": {
              "id": "qa_node_iam_role-20210707114621040200000003",
              "policy_arn": "arn:aws:iam::aws:policy/AmazonEC2ContainerRegistryReadOnly",
              "role": "qa_node_iam_role"
            },
            "sensitive_attributes": [],
            "private": "bnVsbA==",
            "dependencies": [
              "module.iam.aws_iam_role.qa_node_iam_role"
            ]
          }
        ]
      },
      {
        "module": "module.iam",
        "mode": "managed",
        "type": "aws_iam_role_policy_attachment",
        "name": "qa_node_iam_role-AmazonEKSWorkerNodePolicy",
        "provider": "provider[\"registry.terraform.io/hashicorp/aws\"]",
        "instances": [
          {
            "schema_version": 0,
            "attributes": {
              "id": "qa_node_iam_role-20210707114621029000000002",
              "policy_arn": "arn:aws:iam::aws:policy/AmazonEKSWorkerNodePolicy",
              "role": "qa_node_iam_role"
            },
            "sensitive_attributes": [],
            "private": "bnVsbA==",
            "dependencies": [
              "module.iam.aws_iam_role.qa_node_iam_role"
            ]
          }
        ]
      },
      {
        "module": "module.iam",
        "mode": "managed",
        "type": "aws_iam_role_policy_attachment",
        "name": "qa_node_iam_role-AmazonEKS_CNI_Policy",
        "provider": "provider[\"registry.terraform.io/hashicorp/aws\"]",
        "instances": [
          {
            "schema_version": 0,
            "attributes": {
              "id": "qa_node_iam_role-20210707114621043300000004",
              "policy_arn": "arn:aws:iam::aws:policy/AmazonEKS_CNI_Policy",
              "role": "qa_node_iam_role"
            },
            "sensitive_attributes": [],
            "private": "bnVsbA==",
            "dependencies": [
              "module.iam.aws_iam_role.qa_node_iam_role"
            ]
          }
        ]
      },
      {
        "module": "module.igw",
        "mode": "managed",
        "type": "aws_internet_gateway",
        "name": "igw",
        "provider": "provider[\"registry.terraform.io/hashicorp/aws\"]",
        "instances": [
          {
            "schema_version": 0,
            "attributes": {
              "arn": "arn:aws:ec2:eu-west-2:065121563517:internet-gateway/igw-04622f23937f50c2c",
              "id": "igw-04622f23937f50c2c",
              "owner_id": "065121563517",
              "tags": {
                "Name": "IGW"
              },
              "tags_all": {
                "Name": "IGW"
              },
              "vpc_id": "vpc-0f0f9ecc7f9f31e14"
            },
            "sensitive_attributes": [],
            "private": "bnVsbA==",
            "dependencies": [
              "module.vpc.aws_vpc.vpc"
            ]
          }
        ]
      },
      {
        "module": "module.igw",
        "mode": "managed",
        "type": "aws_route_table",
        "name": "rt",
        "provider": "provider[\"registry.terraform.io/hashicorp/aws\"]",
        "instances": [
          {
            "schema_version": 0,
            "attributes": {
              "arn": "arn:aws:ec2:eu-west-2:065121563517:route-table/rtb-06ef54b5940055729",
              "id": "rtb-06ef54b5940055729",
              "owner_id": "065121563517",
              "propagating_vgws": [],
              "route": [
                {
                  "carrier_gateway_id": "",
                  "cidr_block": "0.0.0.0/0",
                  "destination_prefix_list_id": "",
                  "egress_only_gateway_id": "",
                  "gateway_id": "igw-04622f23937f50c2c",
                  "instance_id": "",
                  "ipv6_cidr_block": "",
                  "local_gateway_id": "",
                  "nat_gateway_id": "",
                  "network_interface_id": "",
                  "transit_gateway_id": "",
                  "vpc_endpoint_id": "",
                  "vpc_peering_connection_id": ""
                }
              ],
              "tags": {
                "Name": "Route Table for VPC"
              },
              "tags_all": {
                "Name": "Route Table for VPC"
              },
              "vpc_id": "vpc-0f0f9ecc7f9f31e14"
            },
            "sensitive_attributes": [],
            "private": "bnVsbA==",
            "dependencies": [
              "module.igw.aws_internet_gateway.igw",
              "module.vpc.aws_vpc.vpc"
            ]
          }
        ]
      },
      {
        "module": "module.igw",
        "mode": "managed",
        "type": "aws_route_table_association",
        "name": "public_subnet_rta",
        "provider": "provider[\"registry.terraform.io/hashicorp/aws\"]",
        "instances": [
          {
            "schema_version": 0,
            "attributes": {
              "gateway_id": "",
              "id": "rtbassoc-043ea7fea55ebca1a",
              "route_table_id": "rtb-06ef54b5940055729",
              "subnet_id": "subnet-0d7adc7d29c312529"
            },
            "sensitive_attributes": [],
            "private": "bnVsbA==",
            "dependencies": [
              "module.subnet.data.aws_availability_zones.available",
              "module.vpc.aws_vpc.vpc",
              "module.igw.aws_internet_gateway.igw",
              "module.igw.aws_route_table.rt",
              "module.subnet.aws_subnet.public_subnets"
            ]
          }
        ]
      },
      {
        "module": "module.igw",
        "mode": "managed",
        "type": "aws_route_table_association",
        "name": "public_subnet_rtb",
        "provider": "provider[\"registry.terraform.io/hashicorp/aws\"]",
        "instances": [
          {
            "schema_version": 0,
            "attributes": {
              "gateway_id": "",
              "id": "rtbassoc-0d31ad07752425e72",
              "route_table_id": "rtb-06ef54b5940055729",
              "subnet_id": "subnet-027bb39a1ea3ac4f3"
            },
            "sensitive_attributes": [],
            "private": "bnVsbA==",
            "dependencies": [
              "module.igw.aws_internet_gateway.igw",
              "module.igw.aws_route_table.rt",
              "module.subnet.aws_subnet.public_subnets",
              "module.subnet.data.aws_availability_zones.available",
              "module.vpc.aws_vpc.vpc"
            ]
          }
        ]
      },
      {
        "module": "module.manager_node",
        "mode": "data",
        "type": "template_file",
        "name": "init",
        "provider": "provider[\"registry.terraform.io/hashicorp/template\"]",
        "instances": [
          {
            "schema_version": 0,
            "attributes": {
              "filename": null,
              "id": "ecd547d1d7926979500045683d11aa75132b445aa630fee9e227769ee4c6d988",
              "rendered": "#!/bin/bash\n\nsudo apt update -y",
              "template": "#!/bin/bash\n\nsudo apt update -y",
              "vars": null
            },
            "sensitive_attributes": []
          }
        ]
      },
      {
        "module": "module.manager_node",
        "mode": "managed",
        "type": "aws_instance",
        "name": "qa_manager_node",
        "provider": "provider[\"registry.terraform.io/hashicorp/aws\"]",
        "instances": [
          {
            "schema_version": 1,
            "attributes": {
              "ami": "ami-0194c3e07668a7e36",
              "arn": "arn:aws:ec2:eu-west-2:065121563517:instance/i-05119377ba8c035f0",
              "associate_public_ip_address": true,
              "availability_zone": "eu-west-2a",
              "capacity_reservation_specification": [
                {
                  "capacity_reservation_preference": "open",
                  "capacity_reservation_target": []
                }
              ],
              "cpu_core_count": 2,
              "cpu_threads_per_core": 1,
              "credit_specification": [
                {
                  "cpu_credits": "standard"
                }
              ],
              "disable_api_termination": false,
              "ebs_block_device": [],
              "ebs_optimized": false,
              "enclave_options": [
                {
                  "enabled": false
                }
              ],
              "ephemeral_block_device": [],
              "get_password_data": false,
              "hibernation": false,
              "host_id": null,
              "iam_instance_profile": "",
              "id": "i-05119377ba8c035f0",
              "instance_initiated_shutdown_behavior": "stop",
              "instance_state": "running",
              "instance_type": "t2.medium",
              "ipv6_address_count": 0,
              "ipv6_addresses": [],
              "key_name": "",
              "metadata_options": [
                {
                  "http_endpoint": "enabled",
                  "http_put_response_hop_limit": 1,
                  "http_tokens": "optional"
                }
              ],
              "monitoring": false,
              "network_interface": [],
              "outpost_arn": "",
              "password_data": "",
              "placement_group": "",
              "primary_network_interface_id": "eni-060e51dda046b37eb",
              "private_dns": "ip-172-160-0-227.eu-west-2.compute.internal",
              "private_ip": "172.160.0.227",
              "public_dns": "ec2-35-178-235-178.eu-west-2.compute.amazonaws.com",
              "public_ip": "35.178.235.178",
              "root_block_device": [
                {
                  "delete_on_termination": true,
                  "device_name": "/dev/sda1",
                  "encrypted": false,
                  "iops": 100,
                  "kms_key_id": "",
                  "tags": {},
                  "throughput": 0,
                  "volume_id": "vol-01f186f8694649c64",
                  "volume_size": 8,
                  "volume_type": "gp2"
                }
              ],
              "secondary_private_ips": [],
              "security_groups": [],
              "source_dest_check": true,
              "subnet_id": "subnet-0d7adc7d29c312529",
              "tags": {
                "Name": "QA_Final_Project_Manager_Node"
              },
              "tags_all": {
                "Name": "QA_Final_Project_Manager_Node"
              },
              "tenancy": "default",
              "timeouts": null,
              "user_data": "174827172372cf6146273e39e1d7add3d26534ab",
              "user_data_base64": null,
              "volume_tags": null,
              "vpc_security_group_ids": [
                "sg-0a0c75fac9cfd7f18"
              ]
            },
            "sensitive_attributes": [],
            "private": "eyJlMmJmYjczMC1lY2FhLTExZTYtOGY4OC0zNDM2M2JjN2M0YzAiOnsiY3JlYXRlIjo2MDAwMDAwMDAwMDAsImRlbGV0ZSI6MTIwMDAwMDAwMDAwMCwidXBkYXRlIjo2MDAwMDAwMDAwMDB9LCJzY2hlbWFfdmVyc2lvbiI6IjEifQ==",
            "dependencies": [
              "module.security_group.aws_security_group.qa_final_project_sg",
              "module.subnet.aws_subnet.public_subnets"
            ]
          }
        ]
      },
      {
        "module": "module.security_group",
        "mode": "managed",
        "type": "aws_security_group",
        "name": "qa_final_project_sg",
        "provider": "provider[\"registry.terraform.io/hashicorp/aws\"]",
        "instances": [
          {
            "schema_version": 1,
            "attributes": {
              "arn": "arn:aws:ec2:eu-west-2:065121563517:security-group/sg-0a0c75fac9cfd7f18",
              "description": "Allow SSH",
              "egress": [
                {
                  "cidr_blocks": [
                    "0.0.0.0/0"
                  ],
                  "description": "",
                  "from_port": 0,
                  "ipv6_cidr_blocks": [],
                  "prefix_list_ids": [],
                  "protocol": "-1",
                  "security_groups": [],
                  "self": false,
                  "to_port": 0
                }
              ],
              "id": "sg-0a0c75fac9cfd7f18",
              "ingress": [
                {
                  "cidr_blocks": [
                    "0.0.0.0/0"
                  ],
                  "description": "",
                  "from_port": 22,
                  "ipv6_cidr_blocks": [],
                  "prefix_list_ids": [],
                  "protocol": "tcp",
                  "security_groups": [],
                  "self": false,
                  "to_port": 22
                },
                {
                  "cidr_blocks": [
                    "0.0.0.0/0"
                  ],
                  "description": "",
                  "from_port": 80,
                  "ipv6_cidr_blocks": [],
                  "prefix_list_ids": [],
                  "protocol": "tcp",
                  "security_groups": [],
                  "self": false,
                  "to_port": 80
                },
                {
                  "cidr_blocks": [
                    "0.0.0.0/0"
                  ],
                  "description": "",
                  "from_port": 9090,
                  "ipv6_cidr_blocks": [],
                  "prefix_list_ids": [],
                  "protocol": "tcp",
                  "security_groups": [],
                  "self": false,
                  "to_port": 9090
                }
              ],
              "name": "QAFinalProjectSG",
              "name_prefix": "",
              "owner_id": "065121563517",
              "revoke_rules_on_delete": false,
              "tags": {},
              "tags_all": {},
              "timeouts": null,
              "vpc_id": "vpc-0f0f9ecc7f9f31e14"
            },
            "sensitive_attributes": [],
            "private": "eyJlMmJmYjczMC1lY2FhLTExZTYtOGY4OC0zNDM2M2JjN2M0YzAiOnsiY3JlYXRlIjo2MDAwMDAwMDAwMDAsImRlbGV0ZSI6OTAwMDAwMDAwMDAwfSwic2NoZW1hX3ZlcnNpb24iOiIxIn0=",
            "dependencies": [
              "module.vpc.aws_vpc.vpc"
            ]
          }
        ]
      },
      {
        "module": "module.subnet",
        "mode": "data",
        "type": "aws_availability_zones",
        "name": "available",
        "provider": "provider[\"registry.terraform.io/hashicorp/aws\"]",
        "instances": [
          {
            "schema_version": 0,
            "attributes": {
              "all_availability_zones": null,
              "exclude_names": null,
              "exclude_zone_ids": null,
              "filter": null,
              "group_names": [
                "eu-west-2"
              ],
              "id": "eu-west-2",
              "names": [
                "eu-west-2a",
                "eu-west-2b",
                "eu-west-2c"
              ],
              "state": "available",
              "zone_ids": [
                "euw2-az2",
                "euw2-az3",
                "euw2-az1"
              ]
            },
            "sensitive_attributes": []
          }
        ]
      },
      {
        "module": "module.subnet",
        "mode": "managed",
        "type": "aws_subnet",
        "name": "public_subnets",
        "provider": "provider[\"registry.terraform.io/hashicorp/aws\"]",
        "instances": [
          {
            "index_key": 0,
            "schema_version": 1,
            "attributes": {
              "arn": "arn:aws:ec2:eu-west-2:065121563517:subnet/subnet-0d7adc7d29c312529",
              "assign_ipv6_address_on_creation": false,
              "availability_zone": "eu-west-2a",
              "availability_zone_id": "euw2-az2",
              "cidr_block": "172.160.0.0/24",
              "customer_owned_ipv4_pool": "",
              "id": "subnet-0d7adc7d29c312529",
              "ipv6_cidr_block": "",
              "ipv6_cidr_block_association_id": "",
              "map_customer_owned_ip_on_launch": false,
              "map_public_ip_on_launch": true,
              "outpost_arn": "",
              "owner_id": "065121563517",
              "tags": {
                "kubernetes.io/cluster/syed_cluster": "shared"
              },
              "tags_all": {
                "kubernetes.io/cluster/syed_cluster": "shared"
              },
              "timeouts": null,
              "vpc_id": "vpc-0f0f9ecc7f9f31e14"
            },
            "sensitive_attributes": [],
            "private": "eyJlMmJmYjczMC1lY2FhLTExZTYtOGY4OC0zNDM2M2JjN2M0YzAiOnsiY3JlYXRlIjo2MDAwMDAwMDAwMDAsImRlbGV0ZSI6MTIwMDAwMDAwMDAwMH0sInNjaGVtYV92ZXJzaW9uIjoiMSJ9",
            "dependencies": [
              "module.subnet.data.aws_availability_zones.available",
              "module.vpc.aws_vpc.vpc"
            ]
          },
          {
            "index_key": 1,
            "schema_version": 1,
            "attributes": {
              "arn": "arn:aws:ec2:eu-west-2:065121563517:subnet/subnet-027bb39a1ea3ac4f3",
              "assign_ipv6_address_on_creation": false,
              "availability_zone": "eu-west-2b",
              "availability_zone_id": "euw2-az3",
              "cidr_block": "172.160.1.0/24",
              "customer_owned_ipv4_pool": "",
              "id": "subnet-027bb39a1ea3ac4f3",
              "ipv6_cidr_block": "",
              "ipv6_cidr_block_association_id": "",
              "map_customer_owned_ip_on_launch": false,
              "map_public_ip_on_launch": true,
              "outpost_arn": "",
              "owner_id": "065121563517",
              "tags": {
                "kubernetes.io/cluster/syed_cluster": "shared"
              },
              "tags_all": {
                "kubernetes.io/cluster/syed_cluster": "shared"
              },
              "timeouts": null,
              "vpc_id": "vpc-0f0f9ecc7f9f31e14"
            },
            "sensitive_attributes": [],
            "private": "eyJlMmJmYjczMC1lY2FhLTExZTYtOGY4OC0zNDM2M2JjN2M0YzAiOnsiY3JlYXRlIjo2MDAwMDAwMDAwMDAsImRlbGV0ZSI6MTIwMDAwMDAwMDAwMH0sInNjaGVtYV92ZXJzaW9uIjoiMSJ9",
            "dependencies": [
              "module.subnet.data.aws_availability_zones.available",
              "module.vpc.aws_vpc.vpc"
            ]
          }
        ]
      },
      {
        "module": "module.vpc",
        "mode": "managed",
        "type": "aws_vpc",
        "name": "vpc",
        "provider": "provider[\"registry.terraform.io/hashicorp/aws\"]",
        "instances": [
          {
            "schema_version": 1,
            "attributes": {
              "arn": "arn:aws:ec2:eu-west-2:065121563517:vpc/vpc-0f0f9ecc7f9f31e14",
              "assign_generated_ipv6_cidr_block": false,
              "cidr_block": "172.160.0.0/16",
              "default_network_acl_id": "acl-0cb7283f0bbcd33d1",
              "default_route_table_id": "rtb-09a1dc659d68954e2",
              "default_security_group_id": "sg-0e9fad55c9c6fc635",
              "dhcp_options_id": "dopt-0d434065",
              "enable_classiclink": null,
              "enable_classiclink_dns_support": null,
              "enable_dns_hostnames": true,
              "enable_dns_support": true,
              "id": "vpc-0f0f9ecc7f9f31e14",
              "instance_tenancy": "default",
              "ipv6_association_id": "",
              "ipv6_cidr_block": "",
              "main_route_table_id": "rtb-09a1dc659d68954e2",
              "owner_id": "065121563517",
              "tags": {
                "Name": "VPC_PROJECT"
              },
              "tags_all": {
                "Name": "VPC_PROJECT"
              }
            },
            "sensitive_attributes": [],
            "private": "eyJzY2hlbWFfdmVyc2lvbiI6IjEifQ=="
          }
        ]
      }
    ]
  }